# This file was autogenerated by Stack.
# You should not edit this file by hand.
# For more information, please see the documentation at:
#   https://docs.haskellstack.org/en/stable/lock_files

packages:
- completed:
    hackage: ede-0.2.9@sha256:062198b65a661f015bff53c15d53d0b63eac547d44b09d96b7fb8d27752dfc79,3561
    pantry-tree:
      size: 5392
      sha256: ee8d76f8f1ca483f29233498833c7159774efc3c0cb14027703cefac79c41315
  original:
    hackage: ede-0.2.9
- completed:
    hackage: fastsum-0.1.1.0@sha256:2751e20a27a6fab3eff8a5cbd31c51fb52661471cfb9cc9f17ce650db0f15f32,2354
    pantry-tree:
      size: 430
      sha256: efd5fc1baab3201a02092b4ce960af0343a5d498b949411d6dc9da7423a6d174
  original:
    hackage: fastsum-0.1.1.0
- completed:
    hackage: http-media-0.8.0.0@sha256:05215cafddb1a34cd70b3f1247953a753a4256a87228b68b8e748cdffa827363,4110
    pantry-tree:
      size: 2127
      sha256: af6f4bfa3ee48a846c35e22aeec5b86c052eb05d6b25f6b0c2713bf0760bc80c
  original:
    hackage: http-media-0.8.0.0
- completed:
    hackage: json-pointy-0.1.0.1@sha256:4fc713765a1b7317f4aa238adcd56f0054636c45207132437865ad2f4afa67de,1991
    pantry-tree:
      size: 430
      sha256: a64b596c6239f8e2272aa72f40c922ce611a42a056a2d44f912b127c3ab2e6c6
  original:
    hackage: json-pointy-0.1.0.1
- completed:
    cabal-file:
      size: 4399
      sha256: cd0f3f4e8e1781a113b82fd573dad6aa7a85828dfb7c7b53019b31d697a8a17d
    name: fused-effects
    version: 0.5.0.1
    git: https://github.com/fused-effects/fused-effects.git
    pantry-tree:
      size: 5819
      sha256: 02f6e0639b1fafa652a9711c86e4a772e076e1431f93b3bdc276246151444f74
    commit: 548b5ce47ebd5ede04de35694fa80696bc42352f
  original:
    git: https://github.com/fused-effects/fused-effects.git
    commit: 548b5ce47ebd5ede04de35694fa80696bc42352f
- completed:
    cabal-file:
      size: 1384
      sha256: 6556193a95b5147c01bd54fd337cc9ea54567487b8c7187d8730b1e6a90e3c1e
    name: fused-effects-lens
    version: 0.2.0.0
    git: https://github.com/iand675/fused-effects-lens.git
    pantry-tree:
      size: 481
      sha256: 7850d73c721a8a13f99c0eba02a453de747304bd13faf6b169ef9ff57625fc22
    commit: 4384d2c9df8f6d590d0fad26dea14632046c97b3
  original:
    git: https://github.com/iand675/fused-effects-lens.git
    commit: 4384d2c9df8f6d590d0fad26dea14632046c97b3
snapshots:
- completed:
    size: 525876
    url: https://raw.githubusercontent.com/commercialhaskell/stackage-snapshots/master/lts/14/13.yaml
    sha256: 4a0e79eb194c937cc2a1852ff84d983c63ac348dc6bad5f38d20cab697036eef
  original: lts-14.13
